PODS:
  - d1-libs-debug (3.1.0)
  - d1-libs-release (3.1.0)

DEPENDENCIES:
  - d1-libs-debug (from `./Libs/d1-libs-debug`)
  - d1-libs-release (from `./Libs/d1-libs-release`)

EXTERNAL SOURCES:
  d1-libs-debug:
    :path: "./Libs/d1-libs-debug"
  d1-libs-release:
    :path: "./Libs/d1-libs-release"

SPEC CHECKSUMS:
  d1-libs-debug: e2217415dedde41b312b1a0f3db6892d284ccc46
  d1-libs-release: ebea22aeb8e5b6c9334291687c5b8a72cf37fb53

PODFILE CHECKSUM: dc5b25cdbc63bb3d2a5b6446a6969d42a3d6bc7e

COCOAPODS: 1.12.0
