PODS:
  - d1-libs-debug (3.3.0)
  - d1-libs-release (3.3.0)

DEPENDENCIES:
  - d1-libs-debug (from `./Libs/d1-libs-debug`)
  - d1-libs-release (from `./Libs/d1-libs-release`)

EXTERNAL SOURCES:
  d1-libs-debug:
    :path: "./Libs/d1-libs-debug"
  d1-libs-release:
    :path: "./Libs/d1-libs-release"

SPEC CHECKSUMS:
  d1-libs-debug: d3903e89f9149e9cf5b32e0bdcaccdb34ed4cd39
  d1-libs-release: c325ed099675f169bb6c380069a3493bd4511c45

PODFILE CHECKSUM: b1a1e45c7c5d2e4384c6d9b608a8d96332735444

COCOAPODS: 1.12.0
