PODS:
  - d1-libs-debug (4.1.1)
  - d1-libs-release (4.1.1)

DEPENDENCIES:
  - d1-libs-debug (from `./Libs/d1-libs-debug`)
  - d1-libs-release (from `./Libs/d1-libs-release`)

EXTERNAL SOURCES:
  d1-libs-debug:
    :path: "./Libs/d1-libs-debug"
  d1-libs-release:
    :path: "./Libs/d1-libs-release"

SPEC CHECKSUMS:
  d1-libs-debug: bef68bbf1868d0e8398f2c820c5682282a4dae42
  d1-libs-release: 0388ff71e3178b18c682b4c375fdc94acca3a14d

PODFILE CHECKSUM: b1a1e45c7c5d2e4384c6d9b608a8d96332735444

COCOAPODS: 1.16.2
